
Microsoft Visual Studio Solution File, Format Version 12.00
# Visual Studio Version 17
VisualStudioVersion = 17.0.31903.59
MinimumVisualStudioVersion = 10.0.40219.1
Project("{2150E333-8FDC-42A3-9474-1A3956D46DE8}") = "src", "src", "{827E0CD3-B72D-47B6-A68D-7590B98EB39B}"
EndProject
Project("{FAE04EC0-301F-11D3-BF4B-00C04F79EFBC}") = "API", "src\API\API.csproj", "{1C6B334B-FF7B-444E-BA09-883153DD042A}"
EndProject
Project("{FAE04EC0-301F-11D3-BF4B-00C04F79EFBC}") = "Application", "src\Application\Application.csproj", "{C429840D-8E95-4ED4-AA58-7987DF286DF8}"
EndProject
Project("{FAE04EC0-301F-11D3-BF4B-00C04F79EFBC}") = "Domain", "src\Domain\Domain.csproj", "{747AD31B-60F0-4BB2-BD91-36032FDBEFBE}"
EndProject
Project("{FAE04EC0-301F-11D3-BF4B-00C04F79EFBC}") = "Infrastructure", "src\Infrastructure\Infrastructure.csproj", "{F3D194C1-5DAB-4C5E-81A6-412E5D7F16C1}"
EndProject
Global
	GlobalSection(SolutionConfigurationPlatforms) = preSolution
		Debug|Any CPU = Debug|Any CPU
		Debug|x64 = Debug|x64
		Debug|x86 = Debug|x86
		Release|Any CPU = Release|Any CPU
		Release|x64 = Release|x64
		Release|x86 = Release|x86
	EndGlobalSection
	GlobalSection(ProjectConfigurationPlatforms) = postSolution
		{1C6B334B-FF7B-444E-BA09-883153DD042A}.Debug|Any CPU.ActiveCfg = Debug|Any CPU
		{1C6B334B-FF7B-444E-BA09-883153DD042A}.Debug|Any CPU.Build.0 = Debug|Any CPU
		{1C6B334B-FF7B-444E-BA09-883153DD042A}.Debug|x64.ActiveCfg = Debug|Any CPU
		{1C6B334B-FF7B-444E-BA09-883153DD042A}.Debug|x64.Build.0 = Debug|Any CPU
		{1C6B334B-FF7B-444E-BA09-883153DD042A}.Debug|x86.ActiveCfg = Debug|Any CPU
		{1C6B334B-FF7B-444E-BA09-883153DD042A}.Debug|x86.Build.0 = Debug|Any CPU
		{1C6B334B-FF7B-444E-BA09-883153DD042A}.Release|Any CPU.ActiveCfg = Release|Any CPU
		{1C6B334B-FF7B-444E-BA09-883153DD042A}.Release|Any CPU.Build.0 = Release|Any CPU
		{1C6B334B-FF7B-444E-BA09-883153DD042A}.Release|x64.ActiveCfg = Release|Any CPU
		{1C6B334B-FF7B-444E-BA09-883153DD042A}.Release|x64.Build.0 = Release|Any CPU
		{1C6B334B-FF7B-444E-BA09-883153DD042A}.Release|x86.ActiveCfg = Release|Any CPU
		{1C6B334B-FF7B-444E-BA09-883153DD042A}.Release|x86.Build.0 = Release|Any CPU
		{C429840D-8E95-4ED4-AA58-7987DF286DF8}.Debug|Any CPU.ActiveCfg = Debug|Any CPU
		{C429840D-8E95-4ED4-AA58-7987DF286DF8}.Debug|Any CPU.Build.0 = Debug|Any CPU
		{C429840D-8E95-4ED4-AA58-7987DF286DF8}.Debug|x64.ActiveCfg = Debug|Any CPU
		{C429840D-8E95-4ED4-AA58-7987DF286DF8}.Debug|x64.Build.0 = Debug|Any CPU
		{C429840D-8E95-4ED4-AA58-7987DF286DF8}.Debug|x86.ActiveCfg = Debug|Any CPU
		{C429840D-8E95-4ED4-AA58-7987DF286DF8}.Debug|x86.Build.0 = Debug|Any CPU
		{C429840D-8E95-4ED4-AA58-7987DF286DF8}.Release|Any CPU.ActiveCfg = Release|Any CPU
		{C429840D-8E95-4ED4-AA58-7987DF286DF8}.Release|Any CPU.Build.0 = Release|Any CPU
		{C429840D-8E95-4ED4-AA58-7987DF286DF8}.Release|x64.ActiveCfg = Release|Any CPU
		{C429840D-8E95-4ED4-AA58-7987DF286DF8}.Release|x64.Build.0 = Release|Any CPU
		{C429840D-8E95-4ED4-AA58-7987DF286DF8}.Release|x86.ActiveCfg = Release|Any CPU
		{C429840D-8E95-4ED4-AA58-7987DF286DF8}.Release|x86.Build.0 = Release|Any CPU
		{747AD31B-60F0-4BB2-BD91-36032FDBEFBE}.Debug|Any CPU.ActiveCfg = Debug|Any CPU
		{747AD31B-60F0-4BB2-BD91-36032FDBEFBE}.Debug|Any CPU.Build.0 = Debug|Any CPU
		{747AD31B-60F0-4BB2-BD91-36032FDBEFBE}.Debug|x64.ActiveCfg = Debug|Any CPU
		{747AD31B-60F0-4BB2-BD91-36032FDBEFBE}.Debug|x64.Build.0 = Debug|Any CPU
		{747AD31B-60F0-4BB2-BD91-36032FDBEFBE}.Debug|x86.ActiveCfg = Debug|Any CPU
		{747AD31B-60F0-4BB2-BD91-36032FDBEFBE}.Debug|x86.Build.0 = Debug|Any CPU
		{747AD31B-60F0-4BB2-BD91-36032FDBEFBE}.Release|Any CPU.ActiveCfg = Release|Any CPU
		{747AD31B-60F0-4BB2-BD91-36032FDBEFBE}.Release|Any CPU.Build.0 = Release|Any CPU
		{747AD31B-60F0-4BB2-BD91-36032FDBEFBE}.Release|x64.ActiveCfg = Release|Any CPU
		{747AD31B-60F0-4BB2-BD91-36032FDBEFBE}.Release|x64.Build.0 = Release|Any CPU
		{747AD31B-60F0-4BB2-BD91-36032FDBEFBE}.Release|x86.ActiveCfg = Release|Any CPU
		{747AD31B-60F0-4BB2-BD91-36032FDBEFBE}.Release|x86.Build.0 = Release|Any CPU
		{F3D194C1-5DAB-4C5E-81A6-412E5D7F16C1}.Debug|Any CPU.ActiveCfg = Debug|Any CPU
		{F3D194C1-5DAB-4C5E-81A6-412E5D7F16C1}.Debug|Any CPU.Build.0 = Debug|Any CPU
		{F3D194C1-5DAB-4C5E-81A6-412E5D7F16C1}.Debug|x64.ActiveCfg = Debug|Any CPU
		{F3D194C1-5DAB-4C5E-81A6-412E5D7F16C1}.Debug|x64.Build.0 = Debug|Any CPU
		{F3D194C1-5DAB-4C5E-81A6-412E5D7F16C1}.Debug|x86.ActiveCfg = Debug|Any CPU
		{F3D194C1-5DAB-4C5E-81A6-412E5D7F16C1}.Debug|x86.Build.0 = Debug|Any CPU
		{F3D194C1-5DAB-4C5E-81A6-412E5D7F16C1}.Release|Any CPU.ActiveCfg = Release|Any CPU
		{F3D194C1-5DAB-4C5E-81A6-412E5D7F16C1}.Release|Any CPU.Build.0 = Release|Any CPU
		{F3D194C1-5DAB-4C5E-81A6-412E5D7F16C1}.Release|x64.ActiveCfg = Release|Any CPU
		{F3D194C1-5DAB-4C5E-81A6-412E5D7F16C1}.Release|x64.Build.0 = Release|Any CPU
		{F3D194C1-5DAB-4C5E-81A6-412E5D7F16C1}.Release|x86.ActiveCfg = Release|Any CPU
		{F3D194C1-5DAB-4C5E-81A6-412E5D7F16C1}.Release|x86.Build.0 = Release|Any CPU
	EndGlobalSection
	GlobalSection(SolutionProperties) = preSolution
		HideSolutionNode = FALSE
	EndGlobalSection
	GlobalSection(NestedProjects) = preSolution
		{1C6B334B-FF7B-444E-BA09-883153DD042A} = {827E0CD3-B72D-47B6-A68D-7590B98EB39B}
		{C429840D-8E95-4ED4-AA58-7987DF286DF8} = {827E0CD3-B72D-47B6-A68D-7590B98EB39B}
		{747AD31B-60F0-4BB2-BD91-36032FDBEFBE} = {827E0CD3-B72D-47B6-A68D-7590B98EB39B}
		{F3D194C1-5DAB-4C5E-81A6-412E5D7F16C1} = {827E0CD3-B72D-47B6-A68D-7590B98EB39B}
	EndGlobalSection
EndGlobal
